# generated by rye
# use `rye lock` or `rye sync` to update this lockfile
#
# last locked with the following flags:
#   pre: false
#   features: []
#   all-features: false
#   with-sources: false
#   generate-hashes: false

-e file:.
annotated-types==0.7.0
    # via pydantic
av==12.1.0
    # via manim-slides
certifi==2024.6.2
    # via requests
charset-normalizer==3.3.2
    # via requests
click==8.1.7
    # via click-default-group
    # via cloup
    # via manim
    # via manim-slides
click-default-group==1.2.4
    # via manim-slides
cloup==3.0.5
    # via manim
decorator==5.1.1
    # via manim
glcontext==2.5.0
    # via moderngl
idna==3.7
    # via requests
isosurfaces==0.1.2
    # via manim
jinja2==3.1.4
    # via manim-slides
lxml==5.2.2
    # via manim-slides
    # via python-pptx
manim==0.18.1
    # via manim-project
manim-slides==5.1.7
    # via manim-project
manimpango==0.5.0
    # via manim
mapbox-earcut==1.0.1
    # via manim
markdown-it-py==3.0.0
    # via rich
markupsafe==2.1.5
    # via jinja2
mdurl==0.1.2
    # via markdown-it-py
moderngl==5.10.0
    # via manim
    # via moderngl-window
moderngl-window==2.4.6
    # via manim
multipledispatch==1.0.0
    # via pyrr
networkx==3.3
    # via manim
numpy==1.26.4
    # via isosurfaces
    # via manim
    # via manim-slides
    # via mapbox-earcut
    # via moderngl-window
    # via pyrr
    # via scipy
packaging==24.1
    # via qtpy
pillow==10.3.0
    # via manim
    # via manim-slides
    # via moderngl-window
    # via python-pptx
pycairo==1.26.1
    # via manim
pydantic==2.7.4
    # via manim-slides
    # via pydantic-extra-types
pydantic-core==2.18.4
    # via pydantic
pydantic-extra-types==2.8.2
    # via manim-slides
pydub==0.25.1
    # via manim
pyglet==2.0.15
    # via moderngl-window
pygments==2.18.0
    # via manim
    # via rich
pyrr==0.10.3
    # via moderngl-window
python-pptx==0.6.23
    # via manim-slides
qtpy==2.4.1
    # via manim-slides
requests==2.32.3
    # via manim-slides
rich==13.7.1
    # via manim
    # via manim-slides
rtoml==0.11.0
    # via manim-slides
scipy==1.14.0
    # via manim
screeninfo==0.8.1
    # via manim
skia-pathops==0.8.0.post1
    # via manim
srt==3.5.3
    # via manim
svgelements==1.9.6
    # via manim
tqdm==4.66.4
    # via manim
    # via manim-slides
typing-extensions==4.12.2
    # via manim
    # via pydantic
    # via pydantic-core
urllib3==2.2.2
    # via requests
watchdog==4.0.1
    # via manim
xlsxwriter==3.2.0
    # via python-pptx
